// !$*UTF8*$!
{
	archiveVersion = 1;
	classes = {
	};
	objectVersion = 46;
	objects = {

/* Begin PBXBuildFile section */
		14B50A621920012100A6C372 /* Foundation.framework in Frameworks */ = {isa = PBXBuildFile; fileRef = 14D86046191FE75900E2AD38 /* Foundation.framework */; };
		14B50A631920012100A6C372 /* CoreGraphics.framework in Frameworks */ = {isa = PBXBuildFile; fileRef = 14D86048191FE75900E2AD38 /* CoreGraphics.framework */; };
		14B50A641920012100A6C372 /* UIKit.framework in Frameworks */ = {isa = PBXBuildFile; fileRef = 14D8604A191FE75900E2AD38 /* UIKit.framework */; };
		14B50A6A1920012100A6C372 /* InfoPlist.strings in Resources */ = {isa = PBXBuildFile; fileRef = 14B50A681920012100A6C372 /* InfoPlist.strings */; };
		14B50A6C1920012100A6C372 /* main.m in Sources */ = {isa = PBXBuildFile; fileRef = 14B50A6B1920012100A6C372 /* main.m */; };
		14B50A701920012100A6C372 /* TINAppDelegate.m in Sources */ = {isa = PBXBuildFile; fileRef = 14B50A6F1920012100A6C372 /* TINAppDelegate.m */; };
		14B50A731920012100A6C372 /* Main.storyboard in Resources */ = {isa = PBXBuildFile; fileRef = 14B50A711920012100A6C372 /* Main.storyboard */; };
		14B50A761920012100A6C372 /* TINViewController.m in Sources */ = {isa = PBXBuildFile; fileRef = 14B50A751920012100A6C372 /* TINViewController.m */; };
		14B50A781920012100A6C372 /* Images.xcassets in Resources */ = {isa = PBXBuildFile; fileRef = 14B50A771920012100A6C372 /* Images.xcassets */; };
		14B50A9C1920308000A6C372 /* TINBaseCollectionViewLayout.m in Sources */ = {isa = PBXBuildFile; fileRef = 14B50A951920308000A6C372 /* TINBaseCollectionViewLayout.m */; };
		14B50A9D1920308000A6C372 /* TINHorizontalCollectionViewLayout.m in Sources */ = {isa = PBXBuildFile; fileRef = 14B50A971920308000A6C372 /* TINHorizontalCollectionViewLayout.m */; };
		14B50A9E1920308000A6C372 /* TINHorizontalLinearLayout.m in Sources */ = {isa = PBXBuildFile; fileRef = 14B50A991920308000A6C372 /* TINHorizontalLinearLayout.m */; };
		14B50A9F1920308000A6C372 /* TINVerticalCollectionViewLayout.m in Sources */ = {isa = PBXBuildFile; fileRef = 14B50A9B1920308000A6C372 /* TINVerticalCollectionViewLayout.m */; };
/* End PBXBuildFile section */

/* Begin PBXFileReference section */
		14B50A611920012100A6C372 /* TINiOSGoodiesDemo.app */ = {isa = PBXFileReference; explicitFileType = wrapper.application; includeInIndex = 0; path = TINiOSGoodiesDemo.app; sourceTree = BUILT_PRODUCTS_DIR; };
		14B50A671920012100A6C372 /* TINiOSGoodiesDemo-Info.plist */ = {isa = PBXFileReference; lastKnownFileType = text.plist.xml; path = "TINiOSGoodiesDemo-Info.plist"; sourceTree = "<group>"; };
		14B50A691920012100A6C372 /* en */ = {isa = PBXFileReference; lastKnownFileType = text.plist.strings; name = en; path = en.lproj/InfoPlist.strings; sourceTree = "<group>"; };
		14B50A6B1920012100A6C372 /* main.m */ = {isa = PBXFileReference; lastKnownFileType = sourcecode.c.objc; path = main.m; sourceTree = "<group>"; };
		14B50A6D1920012100A6C372 /* TINiOSGoodiesDemo-Prefix.pch */ = {isa = PBXFileReference; lastKnownFileType = sourcecode.c.h; path = "TINiOSGoodiesDemo-Prefix.pch"; sourceTree = "<group>"; };
		14B50A6E1920012100A6C372 /* TINAppDelegate.h */ = {isa = PBXFileReference; lastKnownFileType = sourcecode.c.h; path = TINAppDelegate.h; sourceTree = "<group>"; };
		14B50A6F1920012100A6C372 /* TINAppDelegate.m */ = {isa = PBXFileReference; lastKnownFileType = sourcecode.c.objc; path = TINAppDelegate.m; sourceTree = "<group>"; };
		14B50A721920012100A6C372 /* Base */ = {isa = PBXFileReference; lastKnownFileType = file.storyboard; name = Base; path = Base.lproj/Main.storyboard; sourceTree = "<group>"; };
		14B50A741920012100A6C372 /* TINViewController.h */ = {isa = PBXFileReference; lastKnownFileType = sourcecode.c.h; path = TINViewController.h; sourceTree = "<group>"; };
		14B50A751920012100A6C372 /* TINViewController.m */ = {isa = PBXFileReference; lastKnownFileType = sourcecode.c.objc; path = TINViewController.m; sourceTree = "<group>"; };
		14B50A771920012100A6C372 /* Images.xcassets */ = {isa = PBXFileReference; lastKnownFileType = folder.assetcatalog; path = Images.xcassets; sourceTree = "<group>"; };
		14B50A921920308000A6C372 /* TINCGUtilites.h */ = {isa = PBXFileReference; fileEncoding = 4; lastKnownFileType = sourcecode.c.h; path = TINCGUtilites.h; sourceTree = "<group>"; };
		14B50A941920308000A6C372 /* TINBaseCollectionViewLayout.h */ = {isa = PBXFileReference; fileEncoding = 4; lastKnownFileType = sourcecode.c.h; path = TINBaseCollectionViewLayout.h; sourceTree = "<group>"; };
		14B50A951920308000A6C372 /* TINBaseCollectionViewLayout.m */ = {isa = PBXFileReference; fileEncoding = 4; lastKnownFileType = sourcecode.c.objc; path = TINBaseCollectionViewLayout.m; sourceTree = "<group>"; };
		14B50A961920308000A6C372 /* TINHorizontalCollectionViewLayout.h */ = {isa = PBXFileReference; fileEncoding = 4; lastKnownFileType = sourcecode.c.h; path = TINHorizontalCollectionViewLayout.h; sourceTree = "<group>"; };
		14B50A971920308000A6C372 /* TINHorizontalCollectionViewLayout.m */ = {isa = PBXFileReference; fileEncoding = 4; lastKnownFileType = sourcecode.c.objc; path = TINHorizontalCollectionViewLayout.m; sourceTree = "<group>"; };
		14B50A981920308000A6C372 /* TINHorizontalLinearLayout.h */ = {isa = PBXFileReference; fileEncoding = 4; lastKnownFileType = sourcecode.c.h; path = TINHorizontalLinearLayout.h; sourceTree = "<group>"; };
		14B50A991920308000A6C372 /* TINHorizontalLinearLayout.m */ = {isa = PBXFileReference; fileEncoding = 4; lastKnownFileType = sourcecode.c.objc; path = TINHorizontalLinearLayout.m; sourceTree = "<group>"; };
		14B50A9A1920308000A6C372 /* TINVerticalCollectionViewLayout.h */ = {isa = PBXFileReference; fileEncoding = 4; lastKnownFileType = sourcecode.c.h; path = TINVerticalCollectionViewLayout.h; sourceTree = "<group>"; };
		14B50A9B1920308000A6C372 /* TINVerticalCollectionViewLayout.m */ = {isa = PBXFileReference; fileEncoding = 4; lastKnownFileType = sourcecode.c.objc; path = TINVerticalCollectionViewLayout.m; sourceTree = "<group>"; };
		14D86046191FE75900E2AD38 /* Foundation.framework */ = {isa = PBXFileReference; lastKnownFileType = wrapper.framework; name = Foundation.framework; path = System/Library/Frameworks/Foundation.framework; sourceTree = SDKROOT; };
		14D86048191FE75900E2AD38 /* CoreGraphics.framework */ = {isa = PBXFileReference; lastKnownFileType = wrapper.framework; name = CoreGraphics.framework; path = System/Library/Frameworks/CoreGraphics.framework; sourceTree = SDKROOT; };
		14D8604A191FE75900E2AD38 /* UIKit.framework */ = {isa = PBXFileReference; lastKnownFileType = wrapper.framework; name = UIKit.framework; path = System/Library/Frameworks/UIKit.framework; sourceTree = SDKROOT; };
		14D86065191FE75900E2AD38 /* XCTest.framework */ = {isa = PBXFileReference; lastKnownFileType = wrapper.framework; name = XCTest.framework; path = Library/Frameworks/XCTest.framework; sourceTree = DEVELOPER_DIR; };
		14D8607F191FE79C00E2AD38 /* TINGradientBackground.h */ = {isa = PBXFileReference; fileEncoding = 4; lastKnownFileType = sourcecode.c.h; path = TINGradientBackground.h; sourceTree = "<group>"; };
		14D86080191FE79C00E2AD38 /* TINGradientBackground.m */ = {isa = PBXFileReference; fileEncoding = 4; lastKnownFileType = sourcecode.c.objc; path = TINGradientBackground.m; sourceTree = "<group>"; };
		14D86083191FFFC200E2AD38 /* UIImage+ReflectedImage.h */ = {isa = PBXFileReference; fileEncoding = 4; lastKnownFileType = sourcecode.c.h; name = "UIImage+ReflectedImage.h"; path = "Categories/UIImage+ReflectedImage.h"; sourceTree = "<group>"; };
		14D86084191FFFC200E2AD38 /* UIImage+ReflectedImage.m */ = {isa = PBXFileReference; fileEncoding = 4; lastKnownFileType = sourcecode.c.objc; name = "UIImage+ReflectedImage.m"; path = "Categories/UIImage+ReflectedImage.m"; sourceTree = "<group>"; };
/* End PBXFileReference section */

/* Begin PBXFrameworksBuildPhase section */
		14B50A5E1920012100A6C372 /* Frameworks */ = {
			isa = PBXFrameworksBuildPhase;
			buildActionMask = 2147483647;
			files = (
				14B50A631920012100A6C372 /* CoreGraphics.framework in Frameworks */,
				14B50A641920012100A6C372 /* UIKit.framework in Frameworks */,
				14B50A621920012100A6C372 /* Foundation.framework in Frameworks */,
			);
			runOnlyForDeploymentPostprocessing = 0;
		};
/* End PBXFrameworksBuildPhase section */

/* Begin PBXGroup section */
		14B50A651920012100A6C372 /* TINiOSGoodiesDemo */ = {
			isa = PBXGroup;
			children = (
				14B50A6E1920012100A6C372 /* TINAppDelegate.h */,
				14B50A6F1920012100A6C372 /* TINAppDelegate.m */,
				14B50A711920012100A6C372 /* Main.storyboard */,
				14B50A741920012100A6C372 /* TINViewController.h */,
				14B50A751920012100A6C372 /* TINViewController.m */,
				14B50A771920012100A6C372 /* Images.xcassets */,
				14B50A661920012100A6C372 /* Supporting Files */,
			);
			path = TINiOSGoodiesDemo;
			sourceTree = "<group>";
		};
		14B50A661920012100A6C372 /* Supporting Files */ = {
			isa = PBXGroup;
			children = (
				14B50A671920012100A6C372 /* TINiOSGoodiesDemo-Info.plist */,
				14B50A681920012100A6C372 /* InfoPlist.strings */,
				14B50A6B1920012100A6C372 /* main.m */,
				14B50A6D1920012100A6C372 /* TINiOSGoodiesDemo-Prefix.pch */,
			);
			name = "Supporting Files";
			sourceTree = "<group>";
		};
		14B50A911920308000A6C372 /* Common */ = {
			isa = PBXGroup;
			children = (
				14B50A921920308000A6C372 /* TINCGUtilites.h */,
			);
			path = Common;
			sourceTree = "<group>";
		};
		14B50A931920308000A6C372 /* UICollectionViewLayouts */ = {
			isa = PBXGroup;
			children = (
				14B50A941920308000A6C372 /* TINBaseCollectionViewLayout.h */,
				14B50A951920308000A6C372 /* TINBaseCollectionViewLayout.m */,
				14B50A961920308000A6C372 /* TINHorizontalCollectionViewLayout.h */,
				14B50A971920308000A6C372 /* TINHorizontalCollectionViewLayout.m */,
				14B50A981920308000A6C372 /* TINHorizontalLinearLayout.h */,
				14B50A991920308000A6C372 /* TINHorizontalLinearLayout.m */,
				14B50A9A1920308000A6C372 /* TINVerticalCollectionViewLayout.h */,
				14B50A9B1920308000A6C372 /* TINVerticalCollectionViewLayout.m */,
			);
			path = UICollectionViewLayouts;
			sourceTree = "<group>";
		};
		14D8603A191FE75900E2AD38 = {
			isa = PBXGroup;
			children = (
				14D8604C191FE75900E2AD38 /* TINiOSGoodies */,
				14B50A651920012100A6C372 /* TINiOSGoodiesDemo */,
				14D86045191FE75900E2AD38 /* Frameworks */,
				14D86044191FE75900E2AD38 /* Products */,
			);
			sourceTree = "<group>";
		};
		14D86044191FE75900E2AD38 /* Products */ = {
			isa = PBXGroup;
			children = (
				14B50A611920012100A6C372 /* TINiOSGoodiesDemo.app */,
			);
			name = Products;
			sourceTree = "<group>";
		};
		14D86045191FE75900E2AD38 /* Frameworks */ = {
			isa = PBXGroup;
			children = (
				14D86046191FE75900E2AD38 /* Foundation.framework */,
				14D86048191FE75900E2AD38 /* CoreGraphics.framework */,
				14D8604A191FE75900E2AD38 /* UIKit.framework */,
				14D86065191FE75900E2AD38 /* XCTest.framework */,
			);
			name = Frameworks;
			sourceTree = "<group>";
		};
		14D8604C191FE75900E2AD38 /* TINiOSGoodies */ = {
			isa = PBXGroup;
			children = (
				14B50A911920308000A6C372 /* Common */,
				14B50A931920308000A6C372 /* UICollectionViewLayouts */,
				14D86082191FFFAD00E2AD38 /* Categories */,
				14D8607E191FE79C00E2AD38 /* Views */,
			);
			path = TINiOSGoodies;
			sourceTree = "<group>";
		};
		14D8607E191FE79C00E2AD38 /* Views */ = {
			isa = PBXGroup;
			children = (
				14D8607F191FE79C00E2AD38 /* TINGradientBackground.h */,
				14D86080191FE79C00E2AD38 /* TINGradientBackground.m */,
			);
			path = Views;
			sourceTree = "<group>";
		};
		14D86082191FFFAD00E2AD38 /* Categories */ = {
			isa = PBXGroup;
			children = (
				14D86083191FFFC200E2AD38 /* UIImage+ReflectedImage.h */,
				14D86084191FFFC200E2AD38 /* UIImage+ReflectedImage.m */,
			);
			name = Categories;
			sourceTree = "<group>";
		};
/* End PBXGroup section */

/* Begin PBXNativeTarget section */
		14B50A601920012100A6C372 /* TINiOSGoodiesDemo */ = {
			isa = PBXNativeTarget;
			buildConfigurationList = 14B50A8B1920012100A6C372 /* Build configuration list for PBXNativeTarget "TINiOSGoodiesDemo" */;
			buildPhases = (
				14B50A5D1920012100A6C372 /* Sources */,
				14B50A5E1920012100A6C372 /* Frameworks */,
				14B50A5F1920012100A6C372 /* Resources */,
			);
			buildRules = (
			);
			dependencies = (
			);
			name = TINiOSGoodiesDemo;
			productName = TINiOSGoodiesDemo;
			productReference = 14B50A611920012100A6C372 /* TINiOSGoodiesDemo.app */;
			productType = "com.apple.product-type.application";
		};
/* End PBXNativeTarget section */

/* Begin PBXProject section */
		14D8603B191FE75900E2AD38 /* Project object */ = {
			isa = PBXProject;
			attributes = {
				CLASSPREFIX = TIN;
				LastUpgradeCheck = 0510;
				ORGANIZATIONNAME = "Tobias Boogh";
			};
			buildConfigurationList = 14D8603E191FE75900E2AD38 /* Build configuration list for PBXProject "TINiOSGoodies" */;
			compatibilityVersion = "Xcode 3.2";
			developmentRegion = English;
			hasScannedForEncodings = 0;
			knownRegions = (
				en,
				Base,
			);
			mainGroup = 14D8603A191FE75900E2AD38;
			productRefGroup = 14D86044191FE75900E2AD38 /* Products */;
			projectDirPath = "";
			projectRoot = "";
			targets = (
				14B50A601920012100A6C372 /* TINiOSGoodiesDemo */,
			);
		};
/* End PBXProject section */

/* Begin PBXResourcesBuildPhase section */
		14B50A5F1920012100A6C372 /* Resources */ = {
			isa = PBXResourcesBuildPhase;
			buildActionMask = 2147483647;
			files = (
				14B50A781920012100A6C372 /* Images.xcassets in Resources */,
				14B50A6A1920012100A6C372 /* InfoPlist.strings in Resources */,
				14B50A731920012100A6C372 /* Main.storyboard in Resources */,
			);
			runOnlyForDeploymentPostprocessing = 0;
		};
/* End PBXResourcesBuildPhase section */

/* Begin PBXSourcesBuildPhase section */
		14B50A5D1920012100A6C372 /* Sources */ = {
			isa = PBXSourcesBuildPhase;
			buildActionMask = 2147483647;
			files = (
				14B50A701920012100A6C372 /* TINAppDelegate.m in Sources */,
				14B50A761920012100A6C372 /* TINViewController.m in Sources */,
				14B50A9E1920308000A6C372 /* TINHorizontalLinearLayout.m in Sources */,
				14B50A6C1920012100A6C372 /* main.m in Sources */,
				14B50A9F1920308000A6C372 /* TINVerticalCollectionViewLayout.m in Sources */,
				14B50A9C1920308000A6C372 /* TINBaseCollectionViewLayout.m in Sources */,
				14B50A9D1920308000A6C372 /* TINHorizontalCollectionViewLayout.m in Sources */,
			);
			runOnlyForDeploymentPostprocessing = 0;
		};
/* End PBXSourcesBuildPhase section */

/* Begin PBXVariantGroup section */
		14B50A681920012100A6C372 /* InfoPlist.strings */ = {
			isa = PBXVariantGroup;
			children = (
				14B50A691920012100A6C372 /* en */,
			);
			name = InfoPlist.strings;
			sourceTree = "<group>";
		};
		14B50A711920012100A6C372 /* Main.storyboard */ = {
			isa = PBXVariantGroup;
			children = (
				14B50A721920012100A6C372 /* Base */,
			);
			name = Main.storyboard;
			sourceTree = "<group>";
		};
/* End PBXVariantGroup section */

/* Begin XCBuildConfiguration section */
		14B50A8C1920012100A6C372 /* Debug */ = {
			isa = XCBuildConfiguration;
			buildSettings = {
				ASSETCATALOG_COMPILER_APPICON_NAME = AppIcon;
				ASSETCATALOG_COMPILER_LAUNCHIMAGE_NAME = LaunchImage;
				GCC_PRECOMPILE_PREFIX_HEADER = YES;
				GCC_PREFIX_HEADER = "TINiOSGoodiesDemo/TINiOSGoodiesDemo-Prefix.pch";
				GCC_PREPROCESSOR_DEFINITIONS = (
					"DEBUG=1",
					"$(inherited)",
				);
				INFOPLIST_FILE = "TINiOSGoodiesDemo/TINiOSGoodiesDemo-Info.plist";
				PRODUCT_NAME = "$(TARGET_NAME)";
				WRAPPER_EXTENSION = app;
			};
			name = Debug;
		};
		14B50A8D1920012100A6C372 /* Release */ = {
			isa = XCBuildConfiguration;
			buildSettings = {
				ASSETCATALOG_COMPILER_APPICON_NAME = AppIcon;
				ASSETCATALOG_COMPILER_LAUNCHIMAGE_NAME = LaunchImage;
				GCC_PRECOMPILE_PREFIX_HEADER = YES;
				GCC_PREFIX_HEADER = "TINiOSGoodiesDemo/TINiOSGoodiesDemo-Prefix.pch";
				INFOPLIST_FILE = "TINiOSGoodiesDemo/TINiOSGoodiesDemo-Info.plist";
				PRODUCT_NAME = "$(TARGET_NAME)";
				WRAPPER_EXTENSION = app;
			};
			name = Release;
		};
		14D86073191FE75900E2AD38 /* Debug */ = {
			isa = XCBuildConfiguration;
			buildSettings = {
				ALWAYS_SEARCH_USER_PATHS = NO;
				CLANG_CXX_LANGUAGE_STANDARD = "gnu++0x";
				CLANG_CXX_LIBRARY = "libc++";
				CLANG_ENABLE_MODULES = YES;
				CLANG_ENABLE_OBJC_ARC = YES;
				CLANG_WARN_BOOL_CONVERSION = YES;
				CLANG_WARN_CONSTANT_CONVERSION = YES;
				CLANG_WARN_DIRECT_OBJC_ISA_USAGE = YES_ERROR;
				CLANG_WARN_EMPTY_BODY = YES;
				CLANG_WARN_ENUM_CONVERSION = YES;
				CLANG_WARN_INT_CONVERSION = YES;
				CLANG_WARN_OBJC_ROOT_CLASS = YES_ERROR;
				CLANG_WARN__DUPLICATE_METHOD_MATCH = YES;
				"CODE_SIGN_IDENTITY[sdk=iphoneos*]" = "iPhone Developer";
				COPY_PHASE_STRIP = NO;
				GCC_C_LANGUAGE_STANDARD = gnu99;
				GCC_DYNAMIC_NO_PIC = NO;
				GCC_OPTIMIZATION_LEVEL = 0;
				GCC_PREPROCESSOR_DEFINITIONS = (
					"DEBUG=1",
					"$(inherited)",
				);
				GCC_SYMBOLS_PRIVATE_EXTERN = NO;
				GCC_WARN_64_TO_32_BIT_CONVERSION = YES;
				GCC_WARN_ABOUT_RETURN_TYPE = YES_ERROR;
				GCC_WARN_UNDECLARED_SELECTOR = YES;
				GCC_WARN_UNINITIALIZED_AUTOS = YES_AGGRESSIVE;
				GCC_WARN_UNUSED_FUNCTION = YES;
				GCC_WARN_UNUSED_VARIABLE = YES;
				IPHONEOS_DEPLOYMENT_TARGET = 7.1;
				ONLY_ACTIVE_ARCH = YES;
				SDKROOT = iphoneos;
				TARGETED_DEVICE_FAMILY = 2;
			};
			name = Debug;
		};
		14D86074191FE75900E2AD38 /* Release */ = {
			isa = XCBuildConfiguration;
			buildSettings = {
				ALWAYS_SEARCH_USER_PATHS = NO;
				CLANG_CXX_LANGUAGE_STANDARD = "gnu++0x";
				CLANG_CXX_LIBRARY = "libc++";
				CLANG_ENABLE_MODULES = YES;
				CLANG_ENABLE_OBJC_ARC = YES;
				CLANG_WARN_BOOL_CONVERSION = YES;
				CLANG_WARN_CONSTANT_CONVERSION = YES;
				CLANG_WARN_DIRECT_OBJC_ISA_USAGE = YES_ERROR;
				CLANG_WARN_EMPTY_BODY = YES;
				CLANG_WARN_ENUM_CONVERSION = YES;
				CLANG_WARN_INT_CONVERSION = YES;
				CLANG_WARN_OBJC_ROOT_CLASS = YES_ERROR;
				CLANG_WARN__DUPLICATE_METHOD_MATCH = YES;
				"CODE_SIGN_IDENTITY[sdk=iphoneos*]" = "iPhone Developer";
				COPY_PHASE_STRIP = YES;
				ENABLE_NS_ASSERTIONS = NO;
				GCC_C_LANGUAGE_STANDARD = gnu99;
				GCC_WARN_64_TO_32_BIT_CONVERSION = YES;
				GCC_WARN_ABOUT_RETURN_TYPE = YES_ERROR;
				GCC_WARN_UNDECLARED_SELECTOR = YES;
				GCC_WARN_UNINITIALIZED_AUTOS = YES_AGGRESSIVE;
				GCC_WARN_UNUSED_FUNCTION = YES;
				GCC_WARN_UNUSED_VARIABLE = YES;
				IPHONEOS_DEPLOYMENT_TARGET = 7.1;
				SDKROOT = iphoneos;
				TARGETED_DEVICE_FAMILY = 2;
				VALIDATE_PRODUCT = YES;
			};
			name = Release;
		};
/* End XCBuildConfiguration section */

/* Begin XCConfigurationList section */
		14B50A8B1920012100A6C372 /* Build configuration list for PBXNativeTarget "TINiOSGoodiesDemo" */ = {
			isa = XCConfigurationList;
			buildConfigurations = (
				14B50A8C1920012100A6C372 /* Debug */,
				14B50A8D1920012100A6C372 /* Release */,
			);
			defaultConfigurationIsVisible = 0;
		};
		14D8603E191FE75900E2AD38 /* Build configuration list for PBXProject "TINiOSGoodies" */ = {
			isa = XCConfigurationList;
			buildConfigurations = (
				14D86073191FE75900E2AD38 /* Debug */,
				14D86074191FE75900E2AD38 /* Release */,
			);
			defaultConfigurationIsVisible = 0;
			defaultConfigurationName = Release;
		};
/* End XCConfigurationList section */
	};
	rootObject = 14D8603B191FE75900E2AD38 /* Project object */;
}
