// !$*UTF8*$!
{
	archiveVersion = 1;
	classes = {
	};
	objectVersion = 46;
	objects = {

/* Begin PBXBuildFile section */
		14B50A621920012100A6C372 /* Foundation.framework in Frameworks */ = {isa = PBXBuildFile; fileRef = 14D86046191FE75900E2AD38 /* Foundation.framework */; };
		14B50A631920012100A6C372 /* CoreGraphics.framework in Frameworks */ = {isa = PBXBuildFile; fileRef = 14D86048191FE75900E2AD38 /* CoreGraphics.framework */; };
		14B50A641920012100A6C372 /* UIKit.framework in Frameworks */ = {isa = PBXBuildFile; fileRef = 14D8604A191FE75900E2AD38 /* UIKit.framework */; };
		14EB510A192366480072B383 /* BOOImageCache.m in Sources */ = {isa = PBXBuildFile; fileRef = 14EB50DE192366480072B383 /* BOOImageCache.m */; };
		14EB510B192366480072B383 /* BOODisplayLinkTimer.m in Sources */ = {isa = PBXBuildFile; fileRef = 14EB50E1192366480072B383 /* BOODisplayLinkTimer.m */; };
		14EB510C192366480072B383 /* UIImage+Alpha.m in Sources */ = {isa = PBXBuildFile; fileRef = 14EB50E4192366480072B383 /* UIImage+Alpha.m */; };
		14EB510D192366480072B383 /* UIImage+ReflectedImage.m in Sources */ = {isa = PBXBuildFile; fileRef = 14EB50E6192366480072B383 /* UIImage+ReflectedImage.m */; };
		14EB510E192366480072B383 /* UIImage+Resize.m in Sources */ = {isa = PBXBuildFile; fileRef = 14EB50E8192366480072B383 /* UIImage+Resize.m */; };
		14EB510F192366480072B383 /* UIImage+RoundedCorner.m in Sources */ = {isa = PBXBuildFile; fileRef = 14EB50EA192366480072B383 /* UIImage+RoundedCorner.m */; };
		14EB5110192366480072B383 /* UIImage+TINImageCache.m in Sources */ = {isa = PBXBuildFile; fileRef = 14EB50EC192366480072B383 /* UIImage+TINImageCache.m */; };
		14EB5111192366480072B383 /* UIImage+Utilities.m in Sources */ = {isa = PBXBuildFile; fileRef = 14EB50EE192366480072B383 /* UIImage+Utilities.m */; };
		14EB5112192366480072B383 /* BOOBaseCollectionViewLayout.m in Sources */ = {isa = PBXBuildFile; fileRef = 14EB50F3192366480072B383 /* BOOBaseCollectionViewLayout.m */; };
		14EB5113192366480072B383 /* BOOHorizontalCollectionViewLayout.m in Sources */ = {isa = PBXBuildFile; fileRef = 14EB50F5192366480072B383 /* BOOHorizontalCollectionViewLayout.m */; };
		14EB5114192366480072B383 /* BOOHorizontalLinearLayout.m in Sources */ = {isa = PBXBuildFile; fileRef = 14EB50F7192366480072B383 /* BOOHorizontalLinearLayout.m */; };
		14EB5115192366480072B383 /* BOOVerticalCollectionViewLayout.m in Sources */ = {isa = PBXBuildFile; fileRef = 14EB50F9192366480072B383 /* BOOVerticalCollectionViewLayout.m */; };
		14EB5116192366480072B383 /* BOOGradientBackgroundView.m in Sources */ = {isa = PBXBuildFile; fileRef = 14EB50FC192366480072B383 /* BOOGradientBackgroundView.m */; };
		14EB5117192366480072B383 /* Main.storyboard in Resources */ = {isa = PBXBuildFile; fileRef = 14EB50FE192366480072B383 /* Main.storyboard */; };
		14EB5118192366480072B383 /* BOODemoAppDelegate.m in Sources */ = {isa = PBXBuildFile; fileRef = 14EB5101192366480072B383 /* BOODemoAppDelegate.m */; };
		14EB5119192366480072B383 /* BOODisplayLinkTimerExampleViewController.m in Sources */ = {isa = PBXBuildFile; fileRef = 14EB5103192366480072B383 /* BOODisplayLinkTimerExampleViewController.m */; };
		14EB511B192366480072B383 /* InfoPlist.strings in Resources */ = {isa = PBXBuildFile; fileRef = 14EB5106192366480072B383 /* InfoPlist.strings */; };
		14EB511C192366480072B383 /* Images.xcassets in Resources */ = {isa = PBXBuildFile; fileRef = 14EB5108192366480072B383 /* Images.xcassets */; };
		14EB511D192366480072B383 /* main.m in Sources */ = {isa = PBXBuildFile; fileRef = 14EB5109192366480072B383 /* main.m */; };
/* End PBXBuildFile section */

/* Begin PBXFileReference section */
		14B50A611920012100A6C372 /* BOOiOSGoodiesDemo.app */ = {isa = PBXFileReference; explicitFileType = wrapper.application; includeInIndex = 0; path = BOOiOSGoodiesDemo.app; sourceTree = BUILT_PRODUCTS_DIR; };
		14D86046191FE75900E2AD38 /* Foundation.framework */ = {isa = PBXFileReference; lastKnownFileType = wrapper.framework; name = Foundation.framework; path = System/Library/Frameworks/Foundation.framework; sourceTree = SDKROOT; };
		14D86048191FE75900E2AD38 /* CoreGraphics.framework */ = {isa = PBXFileReference; lastKnownFileType = wrapper.framework; name = CoreGraphics.framework; path = System/Library/Frameworks/CoreGraphics.framework; sourceTree = SDKROOT; };
		14D8604A191FE75900E2AD38 /* UIKit.framework */ = {isa = PBXFileReference; lastKnownFileType = wrapper.framework; name = UIKit.framework; path = System/Library/Frameworks/UIKit.framework; sourceTree = SDKROOT; };
		14D86065191FE75900E2AD38 /* XCTest.framework */ = {isa = PBXFileReference; lastKnownFileType = wrapper.framework; name = XCTest.framework; path = Library/Frameworks/XCTest.framework; sourceTree = DEVELOPER_DIR; };
		14EB50DD192366480072B383 /* BOOImageCache.h */ = {isa = PBXFileReference; fileEncoding = 4; lastKnownFileType = sourcecode.c.h; path = BOOImageCache.h; sourceTree = "<group>"; };
		14EB50DE192366480072B383 /* BOOImageCache.m */ = {isa = PBXFileReference; fileEncoding = 4; lastKnownFileType = sourcecode.c.objc; path = BOOImageCache.m; sourceTree = "<group>"; };
		14EB50E0192366480072B383 /* BOODisplayLinkTimer.h */ = {isa = PBXFileReference; fileEncoding = 4; lastKnownFileType = sourcecode.c.h; path = BOODisplayLinkTimer.h; sourceTree = "<group>"; };
		14EB50E1192366480072B383 /* BOODisplayLinkTimer.m */ = {isa = PBXFileReference; fileEncoding = 4; lastKnownFileType = sourcecode.c.objc; path = BOODisplayLinkTimer.m; sourceTree = "<group>"; };
		14EB50E3192366480072B383 /* UIImage+Alpha.h */ = {isa = PBXFileReference; fileEncoding = 4; lastKnownFileType = sourcecode.c.h; path = "UIImage+Alpha.h"; sourceTree = "<group>"; };
		14EB50E4192366480072B383 /* UIImage+Alpha.m */ = {isa = PBXFileReference; fileEncoding = 4; lastKnownFileType = sourcecode.c.objc; path = "UIImage+Alpha.m"; sourceTree = "<group>"; };
		14EB50E5192366480072B383 /* UIImage+ReflectedImage.h */ = {isa = PBXFileReference; fileEncoding = 4; lastKnownFileType = sourcecode.c.h; path = "UIImage+ReflectedImage.h"; sourceTree = "<group>"; };
		14EB50E6192366480072B383 /* UIImage+ReflectedImage.m */ = {isa = PBXFileReference; fileEncoding = 4; lastKnownFileType = sourcecode.c.objc; path = "UIImage+ReflectedImage.m"; sourceTree = "<group>"; };
		14EB50E7192366480072B383 /* UIImage+Resize.h */ = {isa = PBXFileReference; fileEncoding = 4; lastKnownFileType = sourcecode.c.h; path = "UIImage+Resize.h"; sourceTree = "<group>"; };
		14EB50E8192366480072B383 /* UIImage+Resize.m */ = {isa = PBXFileReference; fileEncoding = 4; lastKnownFileType = sourcecode.c.objc; path = "UIImage+Resize.m"; sourceTree = "<group>"; };
		14EB50E9192366480072B383 /* UIImage+RoundedCorner.h */ = {isa = PBXFileReference; fileEncoding = 4; lastKnownFileType = sourcecode.c.h; path = "UIImage+RoundedCorner.h"; sourceTree = "<group>"; };
		14EB50EA192366480072B383 /* UIImage+RoundedCorner.m */ = {isa = PBXFileReference; fileEncoding = 4; lastKnownFileType = sourcecode.c.objc; path = "UIImage+RoundedCorner.m"; sourceTree = "<group>"; };
		14EB50EB192366480072B383 /* UIImage+TINImageCache.h */ = {isa = PBXFileReference; fileEncoding = 4; lastKnownFileType = sourcecode.c.h; path = "UIImage+TINImageCache.h"; sourceTree = "<group>"; };
		14EB50EC192366480072B383 /* UIImage+TINImageCache.m */ = {isa = PBXFileReference; fileEncoding = 4; lastKnownFileType = sourcecode.c.objc; path = "UIImage+TINImageCache.m"; sourceTree = "<group>"; };
		14EB50ED192366480072B383 /* UIImage+Utilities.h */ = {isa = PBXFileReference; fileEncoding = 4; lastKnownFileType = sourcecode.c.h; path = "UIImage+Utilities.h"; sourceTree = "<group>"; };
		14EB50EE192366480072B383 /* UIImage+Utilities.m */ = {isa = PBXFileReference; fileEncoding = 4; lastKnownFileType = sourcecode.c.objc; path = "UIImage+Utilities.m"; sourceTree = "<group>"; };
		14EB50F0192366480072B383 /* BOOCGUtilites.h */ = {isa = PBXFileReference; fileEncoding = 4; lastKnownFileType = sourcecode.c.h; path = BOOCGUtilites.h; sourceTree = "<group>"; };
		14EB50F2192366480072B383 /* BOOBaseCollectionViewLayout.h */ = {isa = PBXFileReference; fileEncoding = 4; lastKnownFileType = sourcecode.c.h; path = BOOBaseCollectionViewLayout.h; sourceTree = "<group>"; };
		14EB50F3192366480072B383 /* BOOBaseCollectionViewLayout.m */ = {isa = PBXFileReference; fileEncoding = 4; lastKnownFileType = sourcecode.c.objc; path = BOOBaseCollectionViewLayout.m; sourceTree = "<group>"; };
		14EB50F4192366480072B383 /* BOOHorizontalCollectionViewLayout.h */ = {isa = PBXFileReference; fileEncoding = 4; lastKnownFileType = sourcecode.c.h; path = BOOHorizontalCollectionViewLayout.h; sourceTree = "<group>"; };
		14EB50F5192366480072B383 /* BOOHorizontalCollectionViewLayout.m */ = {isa = PBXFileReference; fileEncoding = 4; lastKnownFileType = sourcecode.c.objc; path = BOOHorizontalCollectionViewLayout.m; sourceTree = "<group>"; };
		14EB50F6192366480072B383 /* BOOHorizontalLinearLayout.h */ = {isa = PBXFileReference; fileEncoding = 4; lastKnownFileType = sourcecode.c.h; path = BOOHorizontalLinearLayout.h; sourceTree = "<group>"; };
		14EB50F7192366480072B383 /* BOOHorizontalLinearLayout.m */ = {isa = PBXFileReference; fileEncoding = 4; lastKnownFileType = sourcecode.c.objc; path = BOOHorizontalLinearLayout.m; sourceTree = "<group>"; };
		14EB50F8192366480072B383 /* BOOVerticalCollectionViewLayout.h */ = {isa = PBXFileReference; fileEncoding = 4; lastKnownFileType = sourcecode.c.h; path = BOOVerticalCollectionViewLayout.h; sourceTree = "<group>"; };
		14EB50F9192366480072B383 /* BOOVerticalCollectionViewLayout.m */ = {isa = PBXFileReference; fileEncoding = 4; lastKnownFileType = sourcecode.c.objc; path = BOOVerticalCollectionViewLayout.m; sourceTree = "<group>"; };
		14EB50FB192366480072B383 /* BOOGradientBackgroundView.h */ = {isa = PBXFileReference; fileEncoding = 4; lastKnownFileType = sourcecode.c.h; path = BOOGradientBackgroundView.h; sourceTree = "<group>"; };
		14EB50FC192366480072B383 /* BOOGradientBackgroundView.m */ = {isa = PBXFileReference; fileEncoding = 4; lastKnownFileType = sourcecode.c.objc; path = BOOGradientBackgroundView.m; sourceTree = "<group>"; };
		14EB50FF192366480072B383 /* Base */ = {isa = PBXFileReference; lastKnownFileType = file.storyboard; name = Base; path = Base.lproj/Main.storyboard; sourceTree = "<group>"; };
		14EB5100192366480072B383 /* BOODemoAppDelegate.h */ = {isa = PBXFileReference; fileEncoding = 4; lastKnownFileType = sourcecode.c.h; path = BOODemoAppDelegate.h; sourceTree = "<group>"; };
		14EB5101192366480072B383 /* BOODemoAppDelegate.m */ = {isa = PBXFileReference; fileEncoding = 4; lastKnownFileType = sourcecode.c.objc; path = BOODemoAppDelegate.m; sourceTree = "<group>"; };
		14EB5102192366480072B383 /* BOODisplayLinkTimerExampleViewController.h */ = {isa = PBXFileReference; fileEncoding = 4; lastKnownFileType = sourcecode.c.h; path = BOODisplayLinkTimerExampleViewController.h; sourceTree = "<group>"; };
		14EB5103192366480072B383 /* BOODisplayLinkTimerExampleViewController.m */ = {isa = PBXFileReference; fileEncoding = 4; lastKnownFileType = sourcecode.c.objc; path = BOODisplayLinkTimerExampleViewController.m; sourceTree = "<group>"; };
		14EB5104192366480072B383 /* BOOiOSGoodiesDemo-Info.plist */ = {isa = PBXFileReference; fileEncoding = 4; lastKnownFileType = text.plist.xml; path = "BOOiOSGoodiesDemo-Info.plist"; sourceTree = "<group>"; };
		14EB5105192366480072B383 /* BOOiOSGoodiesDemo-Prefix.pch */ = {isa = PBXFileReference; fileEncoding = 4; lastKnownFileType = sourcecode.c.h; path = "BOOiOSGoodiesDemo-Prefix.pch"; sourceTree = "<group>"; };
		14EB5107192366480072B383 /* en */ = {isa = PBXFileReference; lastKnownFileType = text.plist.strings; name = en; path = en.lproj/InfoPlist.strings; sourceTree = "<group>"; };
		14EB5108192366480072B383 /* Images.xcassets */ = {isa = PBXFileReference; lastKnownFileType = folder.assetcatalog; path = Images.xcassets; sourceTree = "<group>"; };
		14EB5109192366480072B383 /* main.m */ = {isa = PBXFileReference; fileEncoding = 4; lastKnownFileType = sourcecode.c.objc; path = main.m; sourceTree = "<group>"; };
/* End PBXFileReference section */

/* Begin PBXFrameworksBuildPhase section */
		14B50A5E1920012100A6C372 /* Frameworks */ = {
			isa = PBXFrameworksBuildPhase;
			buildActionMask = 2147483647;
			files = (
				14B50A631920012100A6C372 /* CoreGraphics.framework in Frameworks */,
				14B50A641920012100A6C372 /* UIKit.framework in Frameworks */,
				14B50A621920012100A6C372 /* Foundation.framework in Frameworks */,
			);
			runOnlyForDeploymentPostprocessing = 0;
		};
/* End PBXFrameworksBuildPhase section */

/* Begin PBXGroup section */
		14D8603A191FE75900E2AD38 = {
			isa = PBXGroup;
			children = (
				14EB50DB192366480072B383 /* BOOiOSGoodies */,
				14EB50FD192366480072B383 /* BOOiOSGoodiesDemo */,
				14D86045191FE75900E2AD38 /* Frameworks */,
				14D86044191FE75900E2AD38 /* Products */,
			);
			sourceTree = "<group>";
		};
		14D86044191FE75900E2AD38 /* Products */ = {
			isa = PBXGroup;
			children = (
				14B50A611920012100A6C372 /* BOOiOSGoodiesDemo.app */,
			);
			name = Products;
			sourceTree = "<group>";
		};
		14D86045191FE75900E2AD38 /* Frameworks */ = {
			isa = PBXGroup;
			children = (
				14D86046191FE75900E2AD38 /* Foundation.framework */,
				14D86048191FE75900E2AD38 /* CoreGraphics.framework */,
				14D8604A191FE75900E2AD38 /* UIKit.framework */,
				14D86065191FE75900E2AD38 /* XCTest.framework */,
			);
			name = Frameworks;
			sourceTree = "<group>";
		};
		14EB50DB192366480072B383 /* BOOiOSGoodies */ = {
			isa = PBXGroup;
			children = (
				14EB50DC192366480072B383 /* BOOImageCache */,
				14EB50DF192366480072B383 /* BOOTimer */,
				14EB50E2192366480072B383 /* Categories */,
				14EB50EF192366480072B383 /* Common */,
				14EB50F1192366480072B383 /* UICollectionViewLayouts */,
				14EB50FA192366480072B383 /* Views */,
			);
			path = BOOiOSGoodies;
			sourceTree = "<group>";
		};
		14EB50DC192366480072B383 /* BOOImageCache */ = {
			isa = PBXGroup;
			children = (
				14EB50DD192366480072B383 /* BOOImageCache.h */,
				14EB50DE192366480072B383 /* BOOImageCache.m */,
			);
			path = BOOImageCache;
			sourceTree = "<group>";
		};
		14EB50DF192366480072B383 /* BOOTimer */ = {
			isa = PBXGroup;
			children = (
				14EB50E0192366480072B383 /* BOODisplayLinkTimer.h */,
				14EB50E1192366480072B383 /* BOODisplayLinkTimer.m */,
			);
			path = BOOTimer;
			sourceTree = "<group>";
		};
		14EB50E2192366480072B383 /* Categories */ = {
			isa = PBXGroup;
			children = (
				14EB50E3192366480072B383 /* UIImage+Alpha.h */,
				14EB50E4192366480072B383 /* UIImage+Alpha.m */,
				14EB50E5192366480072B383 /* UIImage+ReflectedImage.h */,
				14EB50E6192366480072B383 /* UIImage+ReflectedImage.m */,
				14EB50E7192366480072B383 /* UIImage+Resize.h */,
				14EB50E8192366480072B383 /* UIImage+Resize.m */,
				14EB50E9192366480072B383 /* UIImage+RoundedCorner.h */,
				14EB50EA192366480072B383 /* UIImage+RoundedCorner.m */,
				14EB50EB192366480072B383 /* UIImage+TINImageCache.h */,
				14EB50EC192366480072B383 /* UIImage+TINImageCache.m */,
				14EB50ED192366480072B383 /* UIImage+Utilities.h */,
				14EB50EE192366480072B383 /* UIImage+Utilities.m */,
			);
			path = Categories;
			sourceTree = "<group>";
		};
		14EB50EF192366480072B383 /* Common */ = {
			isa = PBXGroup;
			children = (
				14EB50F0192366480072B383 /* BOOCGUtilites.h */,
			);
			path = Common;
			sourceTree = "<group>";
		};
		14EB50F1192366480072B383 /* UICollectionViewLayouts */ = {
			isa = PBXGroup;
			children = (
				14EB50F2192366480072B383 /* BOOBaseCollectionViewLayout.h */,
				14EB50F3192366480072B383 /* BOOBaseCollectionViewLayout.m */,
				14EB50F4192366480072B383 /* BOOHorizontalCollectionViewLayout.h */,
				14EB50F5192366480072B383 /* BOOHorizontalCollectionViewLayout.m */,
				14EB50F6192366480072B383 /* BOOHorizontalLinearLayout.h */,
				14EB50F7192366480072B383 /* BOOHorizontalLinearLayout.m */,
				14EB50F8192366480072B383 /* BOOVerticalCollectionViewLayout.h */,
				14EB50F9192366480072B383 /* BOOVerticalCollectionViewLayout.m */,
			);
			path = UICollectionViewLayouts;
			sourceTree = "<group>";
		};
		14EB50FA192366480072B383 /* Views */ = {
			isa = PBXGroup;
			children = (
				14EB50FB192366480072B383 /* BOOGradientBackgroundView.h */,
				14EB50FC192366480072B383 /* BOOGradientBackgroundView.m */,
			);
			path = Views;
			sourceTree = "<group>";
		};
		14EB50FD192366480072B383 /* BOOiOSGoodiesDemo */ = {
			isa = PBXGroup;
			children = (
				14EB50FE192366480072B383 /* Main.storyboard */,
				14EB5100192366480072B383 /* BOODemoAppDelegate.h */,
				14EB5101192366480072B383 /* BOODemoAppDelegate.m */,
				14EB5102192366480072B383 /* BOODisplayLinkTimerExampleViewController.h */,
				14EB5103192366480072B383 /* BOODisplayLinkTimerExampleViewController.m */,
				14EB5104192366480072B383 /* BOOiOSGoodiesDemo-Info.plist */,
				14EB5105192366480072B383 /* BOOiOSGoodiesDemo-Prefix.pch */,
				14EB5106192366480072B383 /* InfoPlist.strings */,
				14EB5108192366480072B383 /* Images.xcassets */,
				14EB5109192366480072B383 /* main.m */,
			);
			path = BOOiOSGoodiesDemo;
			sourceTree = "<group>";
		};
/* End PBXGroup section */

/* Begin PBXNativeTarget section */
		14B50A601920012100A6C372 /* BOOiOSGoodiesDemo */ = {
			isa = PBXNativeTarget;
			buildConfigurationList = 14B50A8B1920012100A6C372 /* Build configuration list for PBXNativeTarget "BOOiOSGoodiesDemo" */;
			buildPhases = (
				14B50A5D1920012100A6C372 /* Sources */,
				14B50A5E1920012100A6C372 /* Frameworks */,
				14B50A5F1920012100A6C372 /* Resources */,
			);
			buildRules = (
			);
			dependencies = (
			);
			name = BOOiOSGoodiesDemo;
			productName = TINiOSGoodiesDemo;
			productReference = 14B50A611920012100A6C372 /* BOOiOSGoodiesDemo.app */;
			productType = "com.apple.product-type.application";
		};
/* End PBXNativeTarget section */

/* Begin PBXProject section */
		14D8603B191FE75900E2AD38 /* Project object */ = {
			isa = PBXProject;
			attributes = {
				CLASSPREFIX = TIN;
				LastUpgradeCheck = 0510;
				ORGANIZATIONNAME = "Tobias Boogh";
			};
			buildConfigurationList = 14D8603E191FE75900E2AD38 /* Build configuration list for PBXProject "BOOiOSGoodies" */;
			compatibilityVersion = "Xcode 3.2";
			developmentRegion = English;
			hasScannedForEncodings = 0;
			knownRegions = (
				en,
				Base,
			);
			mainGroup = 14D8603A191FE75900E2AD38;
			productRefGroup = 14D86044191FE75900E2AD38 /* Products */;
			projectDirPath = "";
			projectRoot = "";
			targets = (
				14B50A601920012100A6C372 /* BOOiOSGoodiesDemo */,
			);
		};
/* End PBXProject section */

/* Begin PBXResourcesBuildPhase section */
		14B50A5F1920012100A6C372 /* Resources */ = {
			isa = PBXResourcesBuildPhase;
			buildActionMask = 2147483647;
			files = (
				14EB5117192366480072B383 /* Main.storyboard in Resources */,
				14EB511C192366480072B383 /* Images.xcassets in Resources */,
				14EB511B192366480072B383 /* InfoPlist.strings in Resources */,
			);
			runOnlyForDeploymentPostprocessing = 0;
		};
/* End PBXResourcesBuildPhase section */

/* Begin PBXSourcesBuildPhase section */
		14B50A5D1920012100A6C372 /* Sources */ = {
			isa = PBXSourcesBuildPhase;
			buildActionMask = 2147483647;
			files = (
				14EB5118192366480072B383 /* BOODemoAppDelegate.m in Sources */,
				14EB510D192366480072B383 /* UIImage+ReflectedImage.m in Sources */,
				14EB5113192366480072B383 /* BOOHorizontalCollectionViewLayout.m in Sources */,
				14EB5119192366480072B383 /* BOODisplayLinkTimerExampleViewController.m in Sources */,
				14EB5114192366480072B383 /* BOOHorizontalLinearLayout.m in Sources */,
				14EB5116192366480072B383 /* BOOGradientBackgroundView.m in Sources */,
				14EB511D192366480072B383 /* main.m in Sources */,
				14EB510A192366480072B383 /* BOOImageCache.m in Sources */,
				14EB5110192366480072B383 /* UIImage+TINImageCache.m in Sources */,
				14EB510B192366480072B383 /* BOODisplayLinkTimer.m in Sources */,
				14EB510C192366480072B383 /* UIImage+Alpha.m in Sources */,
				14EB510F192366480072B383 /* UIImage+RoundedCorner.m in Sources */,
				14EB5111192366480072B383 /* UIImage+Utilities.m in Sources */,
				14EB5115192366480072B383 /* BOOVerticalCollectionViewLayout.m in Sources */,
				14EB5112192366480072B383 /* BOOBaseCollectionViewLayout.m in Sources */,
				14EB510E192366480072B383 /* UIImage+Resize.m in Sources */,
			);
			runOnlyForDeploymentPostprocessing = 0;
		};
/* End PBXSourcesBuildPhase section */

/* Begin PBXVariantGroup section */
		14EB50FE192366480072B383 /* Main.storyboard */ = {
			isa = PBXVariantGroup;
			children = (
				14EB50FF192366480072B383 /* Base */,
			);
			name = Main.storyboard;
			sourceTree = "<group>";
		};
		14EB5106192366480072B383 /* InfoPlist.strings */ = {
			isa = PBXVariantGroup;
			children = (
				14EB5107192366480072B383 /* en */,
			);
			name = InfoPlist.strings;
			sourceTree = "<group>";
		};
/* End PBXVariantGroup section */

/* Begin XCBuildConfiguration section */
		14B50A8C1920012100A6C372 /* Debug */ = {
			isa = XCBuildConfiguration;
			buildSettings = {
				ASSETCATALOG_COMPILER_APPICON_NAME = AppIcon;
				ASSETCATALOG_COMPILER_LAUNCHIMAGE_NAME = LaunchImage;
				GCC_PRECOMPILE_PREFIX_HEADER = YES;
				GCC_PREFIX_HEADER = "BOOiOSGoodiesDemo/BOOiOSGoodiesDemo-Prefix.pch";
				GCC_PREPROCESSOR_DEFINITIONS = (
					"DEBUG=1",
					"$(inherited)",
				);
				INFOPLIST_FILE = "BOOiOSGoodiesDemo/BOOiOSGoodiesDemo-Info.plist";
				PRODUCT_NAME = BOOiOSGoodiesDemo;
				WRAPPER_EXTENSION = app;
			};
			name = Debug;
		};
		14B50A8D1920012100A6C372 /* Release */ = {
			isa = XCBuildConfiguration;
			buildSettings = {
				ASSETCATALOG_COMPILER_APPICON_NAME = AppIcon;
				ASSETCATALOG_COMPILER_LAUNCHIMAGE_NAME = LaunchImage;
				GCC_PRECOMPILE_PREFIX_HEADER = YES;
				GCC_PREFIX_HEADER = "BOOiOSGoodiesDemo/BOOiOSGoodiesDemo-Prefix.pch";
				INFOPLIST_FILE = "BOOiOSGoodiesDemo/BOOiOSGoodiesDemo-Info.plist";
				PRODUCT_NAME = BOOiOSGoodiesDemo;
				WRAPPER_EXTENSION = app;
			};
			name = Release;
		};
		14D86073191FE75900E2AD38 /* Debug */ = {
			isa = XCBuildConfiguration;
			buildSettings = {
				ALWAYS_SEARCH_USER_PATHS = NO;
				CLANG_CXX_LANGUAGE_STANDARD = "gnu++0x";
				CLANG_CXX_LIBRARY = "libc++";
				CLANG_ENABLE_MODULES = YES;
				CLANG_ENABLE_OBJC_ARC = YES;
				CLANG_WARN_BOOL_CONVERSION = YES;
				CLANG_WARN_CONSTANT_CONVERSION = YES;
				CLANG_WARN_DIRECT_OBJC_ISA_USAGE = YES_ERROR;
				CLANG_WARN_EMPTY_BODY = YES;
				CLANG_WARN_ENUM_CONVERSION = YES;
				CLANG_WARN_INT_CONVERSION = YES;
				CLANG_WARN_OBJC_ROOT_CLASS = YES_ERROR;
				CLANG_WARN__DUPLICATE_METHOD_MATCH = YES;
				"CODE_SIGN_IDENTITY[sdk=iphoneos*]" = "iPhone Developer";
				COPY_PHASE_STRIP = NO;
				GCC_C_LANGUAGE_STANDARD = gnu99;
				GCC_DYNAMIC_NO_PIC = NO;
				GCC_OPTIMIZATION_LEVEL = 0;
				GCC_PREPROCESSOR_DEFINITIONS = (
					"DEBUG=1",
					"$(inherited)",
				);
				GCC_SYMBOLS_PRIVATE_EXTERN = NO;
				GCC_WARN_64_TO_32_BIT_CONVERSION = YES;
				GCC_WARN_ABOUT_RETURN_TYPE = YES_ERROR;
				GCC_WARN_UNDECLARED_SELECTOR = YES;
				GCC_WARN_UNINITIALIZED_AUTOS = YES_AGGRESSIVE;
				GCC_WARN_UNUSED_FUNCTION = YES;
				GCC_WARN_UNUSED_VARIABLE = YES;
				IPHONEOS_DEPLOYMENT_TARGET = 7.1;
				ONLY_ACTIVE_ARCH = YES;
				SDKROOT = iphoneos;
				TARGETED_DEVICE_FAMILY = 2;
			};
			name = Debug;
		};
		14D86074191FE75900E2AD38 /* Release */ = {
			isa = XCBuildConfiguration;
			buildSettings = {
				ALWAYS_SEARCH_USER_PATHS = NO;
				CLANG_CXX_LANGUAGE_STANDARD = "gnu++0x";
				CLANG_CXX_LIBRARY = "libc++";
				CLANG_ENABLE_MODULES = YES;
				CLANG_ENABLE_OBJC_ARC = YES;
				CLANG_WARN_BOOL_CONVERSION = YES;
				CLANG_WARN_CONSTANT_CONVERSION = YES;
				CLANG_WARN_DIRECT_OBJC_ISA_USAGE = YES_ERROR;
				CLANG_WARN_EMPTY_BODY = YES;
				CLANG_WARN_ENUM_CONVERSION = YES;
				CLANG_WARN_INT_CONVERSION = YES;
				CLANG_WARN_OBJC_ROOT_CLASS = YES_ERROR;
				CLANG_WARN__DUPLICATE_METHOD_MATCH = YES;
				"CODE_SIGN_IDENTITY[sdk=iphoneos*]" = "iPhone Developer";
				COPY_PHASE_STRIP = YES;
				ENABLE_NS_ASSERTIONS = NO;
				GCC_C_LANGUAGE_STANDARD = gnu99;
				GCC_WARN_64_TO_32_BIT_CONVERSION = YES;
				GCC_WARN_ABOUT_RETURN_TYPE = YES_ERROR;
				GCC_WARN_UNDECLARED_SELECTOR = YES;
				GCC_WARN_UNINITIALIZED_AUTOS = YES_AGGRESSIVE;
				GCC_WARN_UNUSED_FUNCTION = YES;
				GCC_WARN_UNUSED_VARIABLE = YES;
				IPHONEOS_DEPLOYMENT_TARGET = 7.1;
				SDKROOT = iphoneos;
				TARGETED_DEVICE_FAMILY = 2;
				VALIDATE_PRODUCT = YES;
			};
			name = Release;
		};
/* End XCBuildConfiguration section */

/* Begin XCConfigurationList section */
		14B50A8B1920012100A6C372 /* Build configuration list for PBXNativeTarget "BOOiOSGoodiesDemo" */ = {
			isa = XCConfigurationList;
			buildConfigurations = (
				14B50A8C1920012100A6C372 /* Debug */,
				14B50A8D1920012100A6C372 /* Release */,
			);
			defaultConfigurationIsVisible = 0;
			defaultConfigurationName = Release;
		};
		14D8603E191FE75900E2AD38 /* Build configuration list for PBXProject "BOOiOSGoodies" */ = {
			isa = XCConfigurationList;
			buildConfigurations = (
				14D86073191FE75900E2AD38 /* Debug */,
				14D86074191FE75900E2AD38 /* Release */,
			);
			defaultConfigurationIsVisible = 0;
			defaultConfigurationName = Release;
		};
/* End XCConfigurationList section */
	};
	rootObject = 14D8603B191FE75900E2AD38 /* Project object */;
}
