// !$*UTF8*$!
{
	archiveVersion = 1;
	classes = {
	};
	objectVersion = 46;
	objects = {

/* Begin PBXBuildFile section */
		14B50A621920012100A6C372 /* Foundation.framework in Frameworks */ = {isa = PBXBuildFile; fileRef = 14D86046191FE75900E2AD38 /* Foundation.framework */; };
		14B50A631920012100A6C372 /* CoreGraphics.framework in Frameworks */ = {isa = PBXBuildFile; fileRef = 14D86048191FE75900E2AD38 /* CoreGraphics.framework */; };
		14B50A641920012100A6C372 /* UIKit.framework in Frameworks */ = {isa = PBXBuildFile; fileRef = 14D8604A191FE75900E2AD38 /* UIKit.framework */; };
		14B50A6A1920012100A6C372 /* InfoPlist.strings in Resources */ = {isa = PBXBuildFile; fileRef = 14B50A681920012100A6C372 /* InfoPlist.strings */; };
		14B50A6C1920012100A6C372 /* main.m in Sources */ = {isa = PBXBuildFile; fileRef = 14B50A6B1920012100A6C372 /* main.m */; };
		14B50A701920012100A6C372 /* BOODemoAppDelegate.m in Sources */ = {isa = PBXBuildFile; fileRef = 14B50A6F1920012100A6C372 /* BOODemoAppDelegate.m */; };
		14B50A731920012100A6C372 /* Main.storyboard in Resources */ = {isa = PBXBuildFile; fileRef = 14B50A711920012100A6C372 /* Main.storyboard */; };
		14B50A781920012100A6C372 /* Images.xcassets in Resources */ = {isa = PBXBuildFile; fileRef = 14B50A771920012100A6C372 /* Images.xcassets */; };
		14B50A9C1920308000A6C372 /* BOOBaseCollectionViewLayout.m in Sources */ = {isa = PBXBuildFile; fileRef = 14B50A951920308000A6C372 /* BOOBaseCollectionViewLayout.m */; };
		14B50A9D1920308000A6C372 /* BOOHorizontalCollectionViewLayout.m in Sources */ = {isa = PBXBuildFile; fileRef = 14B50A971920308000A6C372 /* BOOHorizontalCollectionViewLayout.m */; };
		14B50A9E1920308000A6C372 /* BOOHorizontalLinearLayout.m in Sources */ = {isa = PBXBuildFile; fileRef = 14B50A991920308000A6C372 /* BOOHorizontalLinearLayout.m */; };
		14B50A9F1920308000A6C372 /* BOOVerticalCollectionViewLayout.m in Sources */ = {isa = PBXBuildFile; fileRef = 14B50A9B1920308000A6C372 /* BOOVerticalCollectionViewLayout.m */; };
		14B50AC0192031F400A6C372 /* UIImage+Resize.m in Sources */ = {isa = PBXBuildFile; fileRef = 14B50ABF192031F400A6C372 /* UIImage+Resize.m */; };
		14B50AC71920321900A6C372 /* UIImage+Alpha.m in Sources */ = {isa = PBXBuildFile; fileRef = 14B50AC21920321900A6C372 /* UIImage+Alpha.m */; };
		14B50AC81920321900A6C372 /* UIImage+RoundedCorner.m in Sources */ = {isa = PBXBuildFile; fileRef = 14B50AC41920321900A6C372 /* UIImage+RoundedCorner.m */; };
		14B50AC91920321900A6C372 /* UIImage+Utilities.m in Sources */ = {isa = PBXBuildFile; fileRef = 14B50AC61920321900A6C372 /* UIImage+Utilities.m */; };
		14EB50C61922BCCD0072B383 /* BOODisplayLinkTimerExampleViewController.m in Sources */ = {isa = PBXBuildFile; fileRef = 14EB50C51922BCCD0072B383 /* BOODisplayLinkTimerExampleViewController.m */; };
		14EB50D6192364130072B383 /* BOOImageCache.m in Sources */ = {isa = PBXBuildFile; fileRef = 14EB50D2192364130072B383 /* BOOImageCache.m */; };
		14EB50D7192364130072B383 /* BOODisplayLinkTimer.m in Sources */ = {isa = PBXBuildFile; fileRef = 14EB50D5192364130072B383 /* BOODisplayLinkTimer.m */; };
/* End PBXBuildFile section */

/* Begin PBXFileReference section */
		14B50A611920012100A6C372 /* BOOiOSGoodiesDemo.app */ = {isa = PBXFileReference; explicitFileType = wrapper.application; includeInIndex = 0; path = BOOiOSGoodiesDemo.app; sourceTree = BUILT_PRODUCTS_DIR; };
		14B50A671920012100A6C372 /* BOOiOSGoodiesDemo-Info.plist */ = {isa = PBXFileReference; lastKnownFileType = text.plist.xml; path = "BOOiOSGoodiesDemo-Info.plist"; sourceTree = "<group>"; };
		14B50A691920012100A6C372 /* en */ = {isa = PBXFileReference; lastKnownFileType = text.plist.strings; name = en; path = en.lproj/InfoPlist.strings; sourceTree = "<group>"; };
		14B50A6B1920012100A6C372 /* main.m */ = {isa = PBXFileReference; lastKnownFileType = sourcecode.c.objc; path = main.m; sourceTree = "<group>"; };
		14B50A6D1920012100A6C372 /* BOOiOSGoodiesDemo-Prefix.pch */ = {isa = PBXFileReference; lastKnownFileType = sourcecode.c.h; path = "BOOiOSGoodiesDemo-Prefix.pch"; sourceTree = "<group>"; };
		14B50A6E1920012100A6C372 /* BOODemoAppDelegate.h */ = {isa = PBXFileReference; lastKnownFileType = sourcecode.c.h; path = BOODemoAppDelegate.h; sourceTree = "<group>"; };
		14B50A6F1920012100A6C372 /* BOODemoAppDelegate.m */ = {isa = PBXFileReference; lastKnownFileType = sourcecode.c.objc; path = BOODemoAppDelegate.m; sourceTree = "<group>"; };
		14B50A721920012100A6C372 /* Base */ = {isa = PBXFileReference; lastKnownFileType = file.storyboard; name = Base; path = Base.lproj/Main.storyboard; sourceTree = "<group>"; };
		14B50A771920012100A6C372 /* Images.xcassets */ = {isa = PBXFileReference; lastKnownFileType = folder.assetcatalog; path = Images.xcassets; sourceTree = "<group>"; };
		14B50A921920308000A6C372 /* BOOCGUtilites.h */ = {isa = PBXFileReference; fileEncoding = 4; lastKnownFileType = sourcecode.c.h; path = BOOCGUtilites.h; sourceTree = "<group>"; };
		14B50A941920308000A6C372 /* BOOBaseCollectionViewLayout.h */ = {isa = PBXFileReference; fileEncoding = 4; lastKnownFileType = sourcecode.c.h; path = BOOBaseCollectionViewLayout.h; sourceTree = "<group>"; };
		14B50A951920308000A6C372 /* BOOBaseCollectionViewLayout.m */ = {isa = PBXFileReference; fileEncoding = 4; lastKnownFileType = sourcecode.c.objc; path = BOOBaseCollectionViewLayout.m; sourceTree = "<group>"; };
		14B50A961920308000A6C372 /* BOOHorizontalCollectionViewLayout.h */ = {isa = PBXFileReference; fileEncoding = 4; lastKnownFileType = sourcecode.c.h; path = BOOHorizontalCollectionViewLayout.h; sourceTree = "<group>"; };
		14B50A971920308000A6C372 /* BOOHorizontalCollectionViewLayout.m */ = {isa = PBXFileReference; fileEncoding = 4; lastKnownFileType = sourcecode.c.objc; path = BOOHorizontalCollectionViewLayout.m; sourceTree = "<group>"; };
		14B50A981920308000A6C372 /* BOOHorizontalLinearLayout.h */ = {isa = PBXFileReference; fileEncoding = 4; lastKnownFileType = sourcecode.c.h; path = BOOHorizontalLinearLayout.h; sourceTree = "<group>"; };
		14B50A991920308000A6C372 /* BOOHorizontalLinearLayout.m */ = {isa = PBXFileReference; fileEncoding = 4; lastKnownFileType = sourcecode.c.objc; path = BOOHorizontalLinearLayout.m; sourceTree = "<group>"; };
		14B50A9A1920308000A6C372 /* BOOVerticalCollectionViewLayout.h */ = {isa = PBXFileReference; fileEncoding = 4; lastKnownFileType = sourcecode.c.h; path = BOOVerticalCollectionViewLayout.h; sourceTree = "<group>"; };
		14B50A9B1920308000A6C372 /* BOOVerticalCollectionViewLayout.m */ = {isa = PBXFileReference; fileEncoding = 4; lastKnownFileType = sourcecode.c.objc; path = BOOVerticalCollectionViewLayout.m; sourceTree = "<group>"; };
		14B50ABE192031F400A6C372 /* UIImage+Resize.h */ = {isa = PBXFileReference; fileEncoding = 4; lastKnownFileType = sourcecode.c.h; name = "UIImage+Resize.h"; path = "Categories/UIImage+Resize.h"; sourceTree = "<group>"; };
		14B50ABF192031F400A6C372 /* UIImage+Resize.m */ = {isa = PBXFileReference; fileEncoding = 4; lastKnownFileType = sourcecode.c.objc; name = "UIImage+Resize.m"; path = "Categories/UIImage+Resize.m"; sourceTree = "<group>"; };
		14B50AC11920321900A6C372 /* UIImage+Alpha.h */ = {isa = PBXFileReference; fileEncoding = 4; lastKnownFileType = sourcecode.c.h; name = "UIImage+Alpha.h"; path = "Categories/UIImage+Alpha.h"; sourceTree = "<group>"; };
		14B50AC21920321900A6C372 /* UIImage+Alpha.m */ = {isa = PBXFileReference; fileEncoding = 4; lastKnownFileType = sourcecode.c.objc; name = "UIImage+Alpha.m"; path = "Categories/UIImage+Alpha.m"; sourceTree = "<group>"; };
		14B50AC31920321900A6C372 /* UIImage+RoundedCorner.h */ = {isa = PBXFileReference; fileEncoding = 4; lastKnownFileType = sourcecode.c.h; name = "UIImage+RoundedCorner.h"; path = "Categories/UIImage+RoundedCorner.h"; sourceTree = "<group>"; };
		14B50AC41920321900A6C372 /* UIImage+RoundedCorner.m */ = {isa = PBXFileReference; fileEncoding = 4; lastKnownFileType = sourcecode.c.objc; name = "UIImage+RoundedCorner.m"; path = "Categories/UIImage+RoundedCorner.m"; sourceTree = "<group>"; };
		14B50AC51920321900A6C372 /* UIImage+Utilities.h */ = {isa = PBXFileReference; fileEncoding = 4; lastKnownFileType = sourcecode.c.h; name = "UIImage+Utilities.h"; path = "Categories/UIImage+Utilities.h"; sourceTree = "<group>"; };
		14B50AC61920321900A6C372 /* UIImage+Utilities.m */ = {isa = PBXFileReference; fileEncoding = 4; lastKnownFileType = sourcecode.c.objc; name = "UIImage+Utilities.m"; path = "Categories/UIImage+Utilities.m"; sourceTree = "<group>"; };
		14D86046191FE75900E2AD38 /* Foundation.framework */ = {isa = PBXFileReference; lastKnownFileType = wrapper.framework; name = Foundation.framework; path = System/Library/Frameworks/Foundation.framework; sourceTree = SDKROOT; };
		14D86048191FE75900E2AD38 /* CoreGraphics.framework */ = {isa = PBXFileReference; lastKnownFileType = wrapper.framework; name = CoreGraphics.framework; path = System/Library/Frameworks/CoreGraphics.framework; sourceTree = SDKROOT; };
		14D8604A191FE75900E2AD38 /* UIKit.framework */ = {isa = PBXFileReference; lastKnownFileType = wrapper.framework; name = UIKit.framework; path = System/Library/Frameworks/UIKit.framework; sourceTree = SDKROOT; };
		14D86065191FE75900E2AD38 /* XCTest.framework */ = {isa = PBXFileReference; lastKnownFileType = wrapper.framework; name = XCTest.framework; path = Library/Frameworks/XCTest.framework; sourceTree = DEVELOPER_DIR; };
		14D8607F191FE79C00E2AD38 /* TINGradientBackground.h */ = {isa = PBXFileReference; fileEncoding = 4; lastKnownFileType = sourcecode.c.h; path = TINGradientBackground.h; sourceTree = "<group>"; };
		14D86080191FE79C00E2AD38 /* TINGradientBackground.m */ = {isa = PBXFileReference; fileEncoding = 4; lastKnownFileType = sourcecode.c.objc; path = TINGradientBackground.m; sourceTree = "<group>"; };
		14D86083191FFFC200E2AD38 /* UIImage+ReflectedImage.h */ = {isa = PBXFileReference; fileEncoding = 4; lastKnownFileType = sourcecode.c.h; name = "UIImage+ReflectedImage.h"; path = "Categories/UIImage+ReflectedImage.h"; sourceTree = "<group>"; };
		14D86084191FFFC200E2AD38 /* UIImage+ReflectedImage.m */ = {isa = PBXFileReference; fileEncoding = 4; lastKnownFileType = sourcecode.c.objc; name = "UIImage+ReflectedImage.m"; path = "Categories/UIImage+ReflectedImage.m"; sourceTree = "<group>"; };
		14EB50C41922BCCD0072B383 /* BOODisplayLinkTimerExampleViewController.h */ = {isa = PBXFileReference; fileEncoding = 4; lastKnownFileType = sourcecode.c.h; path = BOODisplayLinkTimerExampleViewController.h; sourceTree = "<group>"; };
		14EB50C51922BCCD0072B383 /* BOODisplayLinkTimerExampleViewController.m */ = {isa = PBXFileReference; fileEncoding = 4; lastKnownFileType = sourcecode.c.objc; path = BOODisplayLinkTimerExampleViewController.m; sourceTree = "<group>"; };
		14EB50D1192364130072B383 /* BOOImageCache.h */ = {isa = PBXFileReference; fileEncoding = 4; lastKnownFileType = sourcecode.c.h; path = BOOImageCache.h; sourceTree = "<group>"; };
		14EB50D2192364130072B383 /* BOOImageCache.m */ = {isa = PBXFileReference; fileEncoding = 4; lastKnownFileType = sourcecode.c.objc; path = BOOImageCache.m; sourceTree = "<group>"; };
		14EB50D4192364130072B383 /* BOODisplayLinkTimer.h */ = {isa = PBXFileReference; fileEncoding = 4; lastKnownFileType = sourcecode.c.h; path = BOODisplayLinkTimer.h; sourceTree = "<group>"; };
		14EB50D5192364130072B383 /* BOODisplayLinkTimer.m */ = {isa = PBXFileReference; fileEncoding = 4; lastKnownFileType = sourcecode.c.objc; path = BOODisplayLinkTimer.m; sourceTree = "<group>"; };
/* End PBXFileReference section */

/* Begin PBXFrameworksBuildPhase section */
		14B50A5E1920012100A6C372 /* Frameworks */ = {
			isa = PBXFrameworksBuildPhase;
			buildActionMask = 2147483647;
			files = (
				14B50A631920012100A6C372 /* CoreGraphics.framework in Frameworks */,
				14B50A641920012100A6C372 /* UIKit.framework in Frameworks */,
				14B50A621920012100A6C372 /* Foundation.framework in Frameworks */,
			);
			runOnlyForDeploymentPostprocessing = 0;
		};
/* End PBXFrameworksBuildPhase section */

/* Begin PBXGroup section */
		14B50A651920012100A6C372 /* TINiOSGoodiesDemo */ = {
			isa = PBXGroup;
			children = (
				14B50A6E1920012100A6C372 /* BOODemoAppDelegate.h */,
				14B50A6F1920012100A6C372 /* BOODemoAppDelegate.m */,
				14B50A711920012100A6C372 /* Main.storyboard */,
				14B50A771920012100A6C372 /* Images.xcassets */,
				14B50A661920012100A6C372 /* Supporting Files */,
				14EB50C41922BCCD0072B383 /* BOODisplayLinkTimerExampleViewController.h */,
				14EB50C51922BCCD0072B383 /* BOODisplayLinkTimerExampleViewController.m */,
			);
			path = TINiOSGoodiesDemo;
			sourceTree = "<group>";
		};
		14B50A661920012100A6C372 /* Supporting Files */ = {
			isa = PBXGroup;
			children = (
				14B50A671920012100A6C372 /* BOOiOSGoodiesDemo-Info.plist */,
				14B50A681920012100A6C372 /* InfoPlist.strings */,
				14B50A6B1920012100A6C372 /* main.m */,
				14B50A6D1920012100A6C372 /* BOOiOSGoodiesDemo-Prefix.pch */,
			);
			name = "Supporting Files";
			sourceTree = "<group>";
		};
		14B50A911920308000A6C372 /* Common */ = {
			isa = PBXGroup;
			children = (
				14B50A921920308000A6C372 /* BOOCGUtilites.h */,
			);
			path = Common;
			sourceTree = "<group>";
		};
		14B50A931920308000A6C372 /* UICollectionViewLayouts */ = {
			isa = PBXGroup;
			children = (
				14B50A941920308000A6C372 /* BOOBaseCollectionViewLayout.h */,
				14B50A951920308000A6C372 /* BOOBaseCollectionViewLayout.m */,
				14B50A961920308000A6C372 /* BOOHorizontalCollectionViewLayout.h */,
				14B50A971920308000A6C372 /* BOOHorizontalCollectionViewLayout.m */,
				14B50A981920308000A6C372 /* BOOHorizontalLinearLayout.h */,
				14B50A991920308000A6C372 /* BOOHorizontalLinearLayout.m */,
				14B50A9A1920308000A6C372 /* BOOVerticalCollectionViewLayout.h */,
				14B50A9B1920308000A6C372 /* BOOVerticalCollectionViewLayout.m */,
			);
			path = UICollectionViewLayouts;
			sourceTree = "<group>";
		};
		14D8603A191FE75900E2AD38 = {
			isa = PBXGroup;
			children = (
				14D8604C191FE75900E2AD38 /* BOOiOSGoodies */,
				14B50A651920012100A6C372 /* TINiOSGoodiesDemo */,
				14D86045191FE75900E2AD38 /* Frameworks */,
				14D86044191FE75900E2AD38 /* Products */,
			);
			sourceTree = "<group>";
		};
		14D86044191FE75900E2AD38 /* Products */ = {
			isa = PBXGroup;
			children = (
				14B50A611920012100A6C372 /* BOOiOSGoodiesDemo.app */,
			);
			name = Products;
			sourceTree = "<group>";
		};
		14D86045191FE75900E2AD38 /* Frameworks */ = {
			isa = PBXGroup;
			children = (
				14D86046191FE75900E2AD38 /* Foundation.framework */,
				14D86048191FE75900E2AD38 /* CoreGraphics.framework */,
				14D8604A191FE75900E2AD38 /* UIKit.framework */,
				14D86065191FE75900E2AD38 /* XCTest.framework */,
			);
			name = Frameworks;
			sourceTree = "<group>";
		};
		14D8604C191FE75900E2AD38 /* BOOiOSGoodies */ = {
			isa = PBXGroup;
			children = (
				14EB50D0192364130072B383 /* BOOImageCache */,
				14EB50D3192364130072B383 /* BOOTimer */,
				14B50A911920308000A6C372 /* Common */,
				14B50A931920308000A6C372 /* UICollectionViewLayouts */,
				14D86082191FFFAD00E2AD38 /* Categories */,
				14D8607E191FE79C00E2AD38 /* Views */,
			);
			name = BOOiOSGoodies;
			path = TINiOSGoodies;
			sourceTree = "<group>";
		};
		14D8607E191FE79C00E2AD38 /* Views */ = {
			isa = PBXGroup;
			children = (
				14D8607F191FE79C00E2AD38 /* TINGradientBackground.h */,
				14D86080191FE79C00E2AD38 /* TINGradientBackground.m */,
			);
			path = Views;
			sourceTree = "<group>";
		};
		14D86082191FFFAD00E2AD38 /* Categories */ = {
			isa = PBXGroup;
			children = (
				14B50AC11920321900A6C372 /* UIImage+Alpha.h */,
				14B50AC21920321900A6C372 /* UIImage+Alpha.m */,
				14B50AC31920321900A6C372 /* UIImage+RoundedCorner.h */,
				14B50AC41920321900A6C372 /* UIImage+RoundedCorner.m */,
				14B50AC51920321900A6C372 /* UIImage+Utilities.h */,
				14B50AC61920321900A6C372 /* UIImage+Utilities.m */,
				14B50ABE192031F400A6C372 /* UIImage+Resize.h */,
				14B50ABF192031F400A6C372 /* UIImage+Resize.m */,
				14D86083191FFFC200E2AD38 /* UIImage+ReflectedImage.h */,
				14D86084191FFFC200E2AD38 /* UIImage+ReflectedImage.m */,
			);
			name = Categories;
			sourceTree = "<group>";
		};
		14EB50D0192364130072B383 /* BOOImageCache */ = {
			isa = PBXGroup;
			children = (
				14EB50D1192364130072B383 /* BOOImageCache.h */,
				14EB50D2192364130072B383 /* BOOImageCache.m */,
			);
			path = BOOImageCache;
			sourceTree = "<group>";
		};
		14EB50D3192364130072B383 /* BOOTimer */ = {
			isa = PBXGroup;
			children = (
				14EB50D4192364130072B383 /* BOODisplayLinkTimer.h */,
				14EB50D5192364130072B383 /* BOODisplayLinkTimer.m */,
			);
			path = BOOTimer;
			sourceTree = "<group>";
		};
/* End PBXGroup section */

/* Begin PBXNativeTarget section */
		14B50A601920012100A6C372 /* BOOiOSGoodiesDemo */ = {
			isa = PBXNativeTarget;
			buildConfigurationList = 14B50A8B1920012100A6C372 /* Build configuration list for PBXNativeTarget "BOOiOSGoodiesDemo" */;
			buildPhases = (
				14B50A5D1920012100A6C372 /* Sources */,
				14B50A5E1920012100A6C372 /* Frameworks */,
				14B50A5F1920012100A6C372 /* Resources */,
			);
			buildRules = (
			);
			dependencies = (
			);
			name = BOOiOSGoodiesDemo;
			productName = TINiOSGoodiesDemo;
			productReference = 14B50A611920012100A6C372 /* BOOiOSGoodiesDemo.app */;
			productType = "com.apple.product-type.application";
		};
/* End PBXNativeTarget section */

/* Begin PBXProject section */
		14D8603B191FE75900E2AD38 /* Project object */ = {
			isa = PBXProject;
			attributes = {
				CLASSPREFIX = TIN;
				LastUpgradeCheck = 0510;
				ORGANIZATIONNAME = "Tobias Boogh";
			};
			buildConfigurationList = 14D8603E191FE75900E2AD38 /* Build configuration list for PBXProject "BOOiOSGoodies" */;
			compatibilityVersion = "Xcode 3.2";
			developmentRegion = English;
			hasScannedForEncodings = 0;
			knownRegions = (
				en,
				Base,
			);
			mainGroup = 14D8603A191FE75900E2AD38;
			productRefGroup = 14D86044191FE75900E2AD38 /* Products */;
			projectDirPath = "";
			projectRoot = "";
			targets = (
				14B50A601920012100A6C372 /* BOOiOSGoodiesDemo */,
			);
		};
/* End PBXProject section */

/* Begin PBXResourcesBuildPhase section */
		14B50A5F1920012100A6C372 /* Resources */ = {
			isa = PBXResourcesBuildPhase;
			buildActionMask = 2147483647;
			files = (
				14B50A781920012100A6C372 /* Images.xcassets in Resources */,
				14B50A6A1920012100A6C372 /* InfoPlist.strings in Resources */,
				14B50A731920012100A6C372 /* Main.storyboard in Resources */,
			);
			runOnlyForDeploymentPostprocessing = 0;
		};
/* End PBXResourcesBuildPhase section */

/* Begin PBXSourcesBuildPhase section */
		14B50A5D1920012100A6C372 /* Sources */ = {
			isa = PBXSourcesBuildPhase;
			buildActionMask = 2147483647;
			files = (
				14B50A701920012100A6C372 /* BOODemoAppDelegate.m in Sources */,
				14B50A9E1920308000A6C372 /* BOOHorizontalLinearLayout.m in Sources */,
				14B50A6C1920012100A6C372 /* main.m in Sources */,
				14B50AC81920321900A6C372 /* UIImage+RoundedCorner.m in Sources */,
				14B50AC0192031F400A6C372 /* UIImage+Resize.m in Sources */,
				14B50A9F1920308000A6C372 /* BOOVerticalCollectionViewLayout.m in Sources */,
				14B50A9C1920308000A6C372 /* BOOBaseCollectionViewLayout.m in Sources */,
				14B50AC71920321900A6C372 /* UIImage+Alpha.m in Sources */,
				14EB50C61922BCCD0072B383 /* BOODisplayLinkTimerExampleViewController.m in Sources */,
				14EB50D6192364130072B383 /* BOOImageCache.m in Sources */,
				14B50AC91920321900A6C372 /* UIImage+Utilities.m in Sources */,
				14EB50D7192364130072B383 /* BOODisplayLinkTimer.m in Sources */,
				14B50A9D1920308000A6C372 /* BOOHorizontalCollectionViewLayout.m in Sources */,
			);
			runOnlyForDeploymentPostprocessing = 0;
		};
/* End PBXSourcesBuildPhase section */

/* Begin PBXVariantGroup section */
		14B50A681920012100A6C372 /* InfoPlist.strings */ = {
			isa = PBXVariantGroup;
			children = (
				14B50A691920012100A6C372 /* en */,
			);
			name = InfoPlist.strings;
			sourceTree = "<group>";
		};
		14B50A711920012100A6C372 /* Main.storyboard */ = {
			isa = PBXVariantGroup;
			children = (
				14B50A721920012100A6C372 /* Base */,
			);
			name = Main.storyboard;
			sourceTree = "<group>";
		};
/* End PBXVariantGroup section */

/* Begin XCBuildConfiguration section */
		14B50A8C1920012100A6C372 /* Debug */ = {
			isa = XCBuildConfiguration;
			buildSettings = {
				ASSETCATALOG_COMPILER_APPICON_NAME = AppIcon;
				ASSETCATALOG_COMPILER_LAUNCHIMAGE_NAME = LaunchImage;
				GCC_PRECOMPILE_PREFIX_HEADER = YES;
				GCC_PREFIX_HEADER = "TINiOSGoodiesDemo/BOOiOSGoodiesDemo-Prefix.pch";
				GCC_PREPROCESSOR_DEFINITIONS = (
					"DEBUG=1",
					"$(inherited)",
				);
				INFOPLIST_FILE = "TINiOSGoodiesDemo/BOOiOSGoodiesDemo-Info.plist";
				PRODUCT_NAME = BOOiOSGoodiesDemo;
				WRAPPER_EXTENSION = app;
			};
			name = Debug;
		};
		14B50A8D1920012100A6C372 /* Release */ = {
			isa = XCBuildConfiguration;
			buildSettings = {
				ASSETCATALOG_COMPILER_APPICON_NAME = AppIcon;
				ASSETCATALOG_COMPILER_LAUNCHIMAGE_NAME = LaunchImage;
				GCC_PRECOMPILE_PREFIX_HEADER = YES;
				GCC_PREFIX_HEADER = "TINiOSGoodiesDemo/BOOiOSGoodiesDemo-Prefix.pch";
				INFOPLIST_FILE = "TINiOSGoodiesDemo/BOOiOSGoodiesDemo-Info.plist";
				PRODUCT_NAME = BOOiOSGoodiesDemo;
				WRAPPER_EXTENSION = app;
			};
			name = Release;
		};
		14D86073191FE75900E2AD38 /* Debug */ = {
			isa = XCBuildConfiguration;
			buildSettings = {
				ALWAYS_SEARCH_USER_PATHS = NO;
				CLANG_CXX_LANGUAGE_STANDARD = "gnu++0x";
				CLANG_CXX_LIBRARY = "libc++";
				CLANG_ENABLE_MODULES = YES;
				CLANG_ENABLE_OBJC_ARC = YES;
				CLANG_WARN_BOOL_CONVERSION = YES;
				CLANG_WARN_CONSTANT_CONVERSION = YES;
				CLANG_WARN_DIRECT_OBJC_ISA_USAGE = YES_ERROR;
				CLANG_WARN_EMPTY_BODY = YES;
				CLANG_WARN_ENUM_CONVERSION = YES;
				CLANG_WARN_INT_CONVERSION = YES;
				CLANG_WARN_OBJC_ROOT_CLASS = YES_ERROR;
				CLANG_WARN__DUPLICATE_METHOD_MATCH = YES;
				"CODE_SIGN_IDENTITY[sdk=iphoneos*]" = "iPhone Developer";
				COPY_PHASE_STRIP = NO;
				GCC_C_LANGUAGE_STANDARD = gnu99;
				GCC_DYNAMIC_NO_PIC = NO;
				GCC_OPTIMIZATION_LEVEL = 0;
				GCC_PREPROCESSOR_DEFINITIONS = (
					"DEBUG=1",
					"$(inherited)",
				);
				GCC_SYMBOLS_PRIVATE_EXTERN = NO;
				GCC_WARN_64_TO_32_BIT_CONVERSION = YES;
				GCC_WARN_ABOUT_RETURN_TYPE = YES_ERROR;
				GCC_WARN_UNDECLARED_SELECTOR = YES;
				GCC_WARN_UNINITIALIZED_AUTOS = YES_AGGRESSIVE;
				GCC_WARN_UNUSED_FUNCTION = YES;
				GCC_WARN_UNUSED_VARIABLE = YES;
				IPHONEOS_DEPLOYMENT_TARGET = 7.1;
				ONLY_ACTIVE_ARCH = YES;
				SDKROOT = iphoneos;
				TARGETED_DEVICE_FAMILY = 2;
			};
			name = Debug;
		};
		14D86074191FE75900E2AD38 /* Release */ = {
			isa = XCBuildConfiguration;
			buildSettings = {
				ALWAYS_SEARCH_USER_PATHS = NO;
				CLANG_CXX_LANGUAGE_STANDARD = "gnu++0x";
				CLANG_CXX_LIBRARY = "libc++";
				CLANG_ENABLE_MODULES = YES;
				CLANG_ENABLE_OBJC_ARC = YES;
				CLANG_WARN_BOOL_CONVERSION = YES;
				CLANG_WARN_CONSTANT_CONVERSION = YES;
				CLANG_WARN_DIRECT_OBJC_ISA_USAGE = YES_ERROR;
				CLANG_WARN_EMPTY_BODY = YES;
				CLANG_WARN_ENUM_CONVERSION = YES;
				CLANG_WARN_INT_CONVERSION = YES;
				CLANG_WARN_OBJC_ROOT_CLASS = YES_ERROR;
				CLANG_WARN__DUPLICATE_METHOD_MATCH = YES;
				"CODE_SIGN_IDENTITY[sdk=iphoneos*]" = "iPhone Developer";
				COPY_PHASE_STRIP = YES;
				ENABLE_NS_ASSERTIONS = NO;
				GCC_C_LANGUAGE_STANDARD = gnu99;
				GCC_WARN_64_TO_32_BIT_CONVERSION = YES;
				GCC_WARN_ABOUT_RETURN_TYPE = YES_ERROR;
				GCC_WARN_UNDECLARED_SELECTOR = YES;
				GCC_WARN_UNINITIALIZED_AUTOS = YES_AGGRESSIVE;
				GCC_WARN_UNUSED_FUNCTION = YES;
				GCC_WARN_UNUSED_VARIABLE = YES;
				IPHONEOS_DEPLOYMENT_TARGET = 7.1;
				SDKROOT = iphoneos;
				TARGETED_DEVICE_FAMILY = 2;
				VALIDATE_PRODUCT = YES;
			};
			name = Release;
		};
/* End XCBuildConfiguration section */

/* Begin XCConfigurationList section */
		14B50A8B1920012100A6C372 /* Build configuration list for PBXNativeTarget "BOOiOSGoodiesDemo" */ = {
			isa = XCConfigurationList;
			buildConfigurations = (
				14B50A8C1920012100A6C372 /* Debug */,
				14B50A8D1920012100A6C372 /* Release */,
			);
			defaultConfigurationIsVisible = 0;
			defaultConfigurationName = Release;
		};
		14D8603E191FE75900E2AD38 /* Build configuration list for PBXProject "BOOiOSGoodies" */ = {
			isa = XCConfigurationList;
			buildConfigurations = (
				14D86073191FE75900E2AD38 /* Debug */,
				14D86074191FE75900E2AD38 /* Release */,
			);
			defaultConfigurationIsVisible = 0;
			defaultConfigurationName = Release;
		};
/* End XCConfigurationList section */
	};
	rootObject = 14D8603B191FE75900E2AD38 /* Project object */;
}
